
Microsoft Visual Studio Solution File, Format Version 12.00
# Visual Studio Version 16
VisualStudioVersion = 16.0.28803.202
MinimumVisualStudioVersion = 10.0.40219.1
Project("{2150E333-8FDC-42A3-9474-1A3956D46DE8}") = "Solution Items", "Solution Items", "{43142073-0768-410C-94C7-428F93401D7F}"
	ProjectSection(SolutionItems) = preProject
		CODE_OF_CONDUCT.md = CODE_OF_CONDUCT.md
		License = License
		README.md = README.md
	EndProjectSection
EndProject
Project("{2150E333-8FDC-42A3-9474-1A3956D46DE8}") = "Build", "Build", "{27883CDC-DFF5-4558-AA2D-01A647A22599}"
EndProject
Project("{2150E333-8FDC-42A3-9474-1A3956D46DE8}") = "Business.Core", "Business.Core", "{FEF0B3A2-B2C7-44E7-95D0-B7101C8E1227}"
EndProject
Project("{2150E333-8FDC-42A3-9474-1A3956D46DE8}") = "Auth", "Auth", "{942E324B-4266-4C8A-89CC-60E056A5F7D8}"
	ProjectSection(SolutionItems) = preProject
		Business.Core\Auth\Attributes.cs = Business.Core\Auth\Attributes.cs
		Business.Core\Auth\Interceptor.cs = Business.Core\Auth\Interceptor.cs
		Business.Core\Auth\Token.cs = Business.Core\Auth\Token.cs
	EndProjectSection
EndProject
Project("{2150E333-8FDC-42A3-9474-1A3956D46DE8}") = "Business", "Business", "{EA4A47D8-3ED6-48B7-AEAD-D217100A7E05}"
	ProjectSection(SolutionItems) = preProject
		Business.Core\Business\Arg.cs = Business.Core\Business\Arg.cs
		Business.Core\Business\Bind.cs = Business.Core\Business\Bind.cs
		Business.Core\Business\Doc.cs = Business.Core\Business\Doc.cs
		Business.Core\Business\IBusiness.cs = Business.Core\Business\IBusiness.cs
		Business.Core\Business\Logger.cs = Business.Core\Business\Logger.cs
	EndProjectSection
EndProject
Project("{2150E333-8FDC-42A3-9474-1A3956D46DE8}") = "Configer", "Configer", "{05BCA310-CF40-471D-88D4-F840CA2AA41B}"
	ProjectSection(SolutionItems) = preProject
		Business.Core\Configer\Configer.cs = Business.Core\Configer\Configer.cs
	EndProjectSection
EndProject
Project("{2150E333-8FDC-42A3-9474-1A3956D46DE8}") = "Result", "Result", "{BADF3F8E-8A74-463D-BCAC-ADC3AA45E06E}"
	ProjectSection(SolutionItems) = preProject
		Business.Core\Result\IResult.cs = Business.Core\Result\IResult.cs
		Business.Core\Result\ResultObject.cs = Business.Core\Result\ResultObject.cs
	EndProjectSection
EndProject
Project("{2150E333-8FDC-42A3-9474-1A3956D46DE8}") = "Utils", "Utils", "{B621B862-0E30-4023-AE06-E8912C596618}"
	ProjectSection(SolutionItems) = preProject
		Business.Core\Utils\EmitUtils.cs = Business.Core\Utils\EmitUtils.cs
		Business.Core\Utils\Help.cs = Business.Core\Utils\Help.cs
	EndProjectSection
EndProject
Project("{FAE04EC0-301F-11D3-BF4B-00C04F79EFBC}") = "Business.Net", "Build\Business.Net\Business.Net.csproj", "{5D05E175-090B-4970-8A41-98B6DFA8DB4B}"
EndProject
Project("{9A19103F-16F7-4668-BE54-9A1E7A4F7556}") = "Business.Standard", "Build\Business.Standard\Business.Standard.csproj", "{79A7AE80-F893-44F1-BE12-F218B24B8794}"
EndProject
Project("{2150E333-8FDC-42A3-9474-1A3956D46DE8}") = "Test", "Test", "{704A940E-ACE0-468B-8388-4AFD87C883BF}"
EndProject
Project("{9A19103F-16F7-4668-BE54-9A1E7A4F7556}") = "WebAPI", "Test\WebAPI\WebAPI.csproj", "{F9994D94-10EB-4E39-A58E-A421C2F2B098}"
EndProject
Project("{9A19103F-16F7-4668-BE54-9A1E7A4F7556}") = "BenchmarkTest", "Test\BenchmarkTest\BenchmarkTest.csproj", "{DDA7B121-235A-4103-8C1A-A58C0DBCA251}"
EndProject
Project("{9A19103F-16F7-4668-BE54-9A1E7A4F7556}") = "UnitTest", "Test\UnitTest\UnitTest.csproj", "{39292964-A830-410A-9D41-2D952B30746D}"
EndProject
Project("{FAE04EC0-301F-11D3-BF4B-00C04F79EFBC}") = "UnitTestFx", "Test\UnitTestFx\UnitTestFx.csproj", "{6D068CEC-BDBD-481D-B5C6-97787A38F63E}"
EndProject
Project("{9A19103F-16F7-4668-BE54-9A1E7A4F7556}") = "WebSocketTest", "Test\WebSocketTest\WebSocketTest.csproj", "{CEFF07D2-A1E2-471C-8D69-4C85380D0F26}"
EndProject
Global
	GlobalSection(SolutionConfigurationPlatforms) = preSolution
		Debug|Any CPU = Debug|Any CPU
		Release|Any CPU = Release|Any CPU
	EndGlobalSection
	GlobalSection(ProjectConfigurationPlatforms) = postSolution
		{5D05E175-090B-4970-8A41-98B6DFA8DB4B}.Debug|Any CPU.ActiveCfg = Debug|Any CPU
		{5D05E175-090B-4970-8A41-98B6DFA8DB4B}.Debug|Any CPU.Build.0 = Debug|Any CPU
		{5D05E175-090B-4970-8A41-98B6DFA8DB4B}.Release|Any CPU.ActiveCfg = Release|Any CPU
		{5D05E175-090B-4970-8A41-98B6DFA8DB4B}.Release|Any CPU.Build.0 = Release|Any CPU
		{79A7AE80-F893-44F1-BE12-F218B24B8794}.Debug|Any CPU.ActiveCfg = Debug|Any CPU
		{79A7AE80-F893-44F1-BE12-F218B24B8794}.Debug|Any CPU.Build.0 = Debug|Any CPU
		{79A7AE80-F893-44F1-BE12-F218B24B8794}.Release|Any CPU.ActiveCfg = Release|Any CPU
		{79A7AE80-F893-44F1-BE12-F218B24B8794}.Release|Any CPU.Build.0 = Release|Any CPU
		{F9994D94-10EB-4E39-A58E-A421C2F2B098}.Debug|Any CPU.ActiveCfg = Debug|Any CPU
		{F9994D94-10EB-4E39-A58E-A421C2F2B098}.Debug|Any CPU.Build.0 = Debug|Any CPU
		{F9994D94-10EB-4E39-A58E-A421C2F2B098}.Release|Any CPU.ActiveCfg = Release|Any CPU
		{F9994D94-10EB-4E39-A58E-A421C2F2B098}.Release|Any CPU.Build.0 = Release|Any CPU
		{DDA7B121-235A-4103-8C1A-A58C0DBCA251}.Debug|Any CPU.ActiveCfg = Debug|Any CPU
		{DDA7B121-235A-4103-8C1A-A58C0DBCA251}.Debug|Any CPU.Build.0 = Debug|Any CPU
		{DDA7B121-235A-4103-8C1A-A58C0DBCA251}.Release|Any CPU.ActiveCfg = Release|Any CPU
		{DDA7B121-235A-4103-8C1A-A58C0DBCA251}.Release|Any CPU.Build.0 = Release|Any CPU
		{39292964-A830-410A-9D41-2D952B30746D}.Debug|Any CPU.ActiveCfg = Debug|Any CPU
		{39292964-A830-410A-9D41-2D952B30746D}.Debug|Any CPU.Build.0 = Debug|Any CPU
		{39292964-A830-410A-9D41-2D952B30746D}.Release|Any CPU.ActiveCfg = Release|Any CPU
		{39292964-A830-410A-9D41-2D952B30746D}.Release|Any CPU.Build.0 = Release|Any CPU
		{6D068CEC-BDBD-481D-B5C6-97787A38F63E}.Debug|Any CPU.ActiveCfg = Debug|Any CPU
		{6D068CEC-BDBD-481D-B5C6-97787A38F63E}.Debug|Any CPU.Build.0 = Debug|Any CPU
		{6D068CEC-BDBD-481D-B5C6-97787A38F63E}.Release|Any CPU.ActiveCfg = Release|Any CPU
		{6D068CEC-BDBD-481D-B5C6-97787A38F63E}.Release|Any CPU.Build.0 = Release|Any CPU
		{CEFF07D2-A1E2-471C-8D69-4C85380D0F26}.Debug|Any CPU.ActiveCfg = Debug|Any CPU
		{CEFF07D2-A1E2-471C-8D69-4C85380D0F26}.Debug|Any CPU.Build.0 = Debug|Any CPU
		{CEFF07D2-A1E2-471C-8D69-4C85380D0F26}.Release|Any CPU.ActiveCfg = Release|Any CPU
		{CEFF07D2-A1E2-471C-8D69-4C85380D0F26}.Release|Any CPU.Build.0 = Release|Any CPU
	EndGlobalSection
	GlobalSection(SolutionProperties) = preSolution
		HideSolutionNode = FALSE
	EndGlobalSection
	GlobalSection(NestedProjects) = preSolution
		{942E324B-4266-4C8A-89CC-60E056A5F7D8} = {FEF0B3A2-B2C7-44E7-95D0-B7101C8E1227}
		{EA4A47D8-3ED6-48B7-AEAD-D217100A7E05} = {FEF0B3A2-B2C7-44E7-95D0-B7101C8E1227}
		{05BCA310-CF40-471D-88D4-F840CA2AA41B} = {FEF0B3A2-B2C7-44E7-95D0-B7101C8E1227}
		{BADF3F8E-8A74-463D-BCAC-ADC3AA45E06E} = {FEF0B3A2-B2C7-44E7-95D0-B7101C8E1227}
		{B621B862-0E30-4023-AE06-E8912C596618} = {FEF0B3A2-B2C7-44E7-95D0-B7101C8E1227}
		{5D05E175-090B-4970-8A41-98B6DFA8DB4B} = {27883CDC-DFF5-4558-AA2D-01A647A22599}
		{79A7AE80-F893-44F1-BE12-F218B24B8794} = {27883CDC-DFF5-4558-AA2D-01A647A22599}
		{F9994D94-10EB-4E39-A58E-A421C2F2B098} = {704A940E-ACE0-468B-8388-4AFD87C883BF}
		{DDA7B121-235A-4103-8C1A-A58C0DBCA251} = {704A940E-ACE0-468B-8388-4AFD87C883BF}
		{39292964-A830-410A-9D41-2D952B30746D} = {704A940E-ACE0-468B-8388-4AFD87C883BF}
		{6D068CEC-BDBD-481D-B5C6-97787A38F63E} = {704A940E-ACE0-468B-8388-4AFD87C883BF}
		{CEFF07D2-A1E2-471C-8D69-4C85380D0F26} = {704A940E-ACE0-468B-8388-4AFD87C883BF}
	EndGlobalSection
	GlobalSection(ExtensibilityGlobals) = postSolution
		SolutionGuid = {124A1BA0-DBBC-49D2-AA6F-C937149C884C}
	EndGlobalSection
EndGlobal
