
Microsoft Visual Studio Solution File, Format Version 12.00
# Visual Studio Version 16
VisualStudioVersion = 16.0.28803.202
MinimumVisualStudioVersion = 10.0.40219.1
Project("{2150E333-8FDC-42A3-9474-1A3956D46DE8}") = "Solution Items", "Solution Items", "{43142073-0768-410C-94C7-428F93401D7F}"
	ProjectSection(SolutionItems) = preProject
		.editorconfig = .editorconfig
		CODE_OF_CONDUCT.md = CODE_OF_CONDUCT.md
		icon.png = icon.png
		LICENSE = LICENSE
		README.md = README.md
	EndProjectSection
EndProject
Project("{2150E333-8FDC-42A3-9474-1A3956D46DE8}") = "Test", "Test", "{704A940E-ACE0-468B-8388-4AFD87C883BF}"
EndProject
Project("{9A19103F-16F7-4668-BE54-9A1E7A4F7556}") = "BenchmarkTest", "Test\BenchmarkTest\BenchmarkTest.csproj", "{DDA7B121-235A-4103-8C1A-A58C0DBCA251}"
EndProject
Project("{9A19103F-16F7-4668-BE54-9A1E7A4F7556}") = "UnitTest", "Test\UnitTest\UnitTest.csproj", "{39292964-A830-410A-9D41-2D952B30746D}"
EndProject
Project("{9A19103F-16F7-4668-BE54-9A1E7A4F7556}") = "Common", "Test\Common\Common.csproj", "{40289E1E-7D53-45A8-947B-C99BA9E41D9B}"
EndProject
Project("{9A19103F-16F7-4668-BE54-9A1E7A4F7556}") = "WebAPI30", "Test\WebAPI30\WebAPI30.csproj", "{E860AEFE-F277-400D-AF1F-CA0E5F4A7D6D}"
EndProject
Project("{9A19103F-16F7-4668-BE54-9A1E7A4F7556}") = "Business.Core", "Business.Core\Business.Core.csproj", "{7AE4D1CB-E1F0-49BF-828B-498577668492}"
EndProject
Project("{9A19103F-16F7-4668-BE54-9A1E7A4F7556}") = "Business.DocUI", "Business.DocUI\Business.DocUI.csproj", "{1ADD3536-76F3-47AF-8E68-83272BA46CFD}"
EndProject
Project("{FAE04EC0-301F-11D3-BF4B-00C04F79EFBC}") = "WebAPI50", "Test\WebAPI50\WebAPI50.csproj", "{BEE0AC6D-4581-4847-B5A2-80BB1E6E5F80}"
EndProject
Global
	GlobalSection(SolutionConfigurationPlatforms) = preSolution
		Debug|Any CPU = Debug|Any CPU
		Release|Any CPU = Release|Any CPU
	EndGlobalSection
	GlobalSection(ProjectConfigurationPlatforms) = postSolution
		{DDA7B121-235A-4103-8C1A-A58C0DBCA251}.Debug|Any CPU.ActiveCfg = Debug|Any CPU
		{DDA7B121-235A-4103-8C1A-A58C0DBCA251}.Debug|Any CPU.Build.0 = Debug|Any CPU
		{DDA7B121-235A-4103-8C1A-A58C0DBCA251}.Release|Any CPU.ActiveCfg = Release|Any CPU
		{DDA7B121-235A-4103-8C1A-A58C0DBCA251}.Release|Any CPU.Build.0 = Release|Any CPU
		{39292964-A830-410A-9D41-2D952B30746D}.Debug|Any CPU.ActiveCfg = Debug|Any CPU
		{39292964-A830-410A-9D41-2D952B30746D}.Debug|Any CPU.Build.0 = Debug|Any CPU
		{39292964-A830-410A-9D41-2D952B30746D}.Release|Any CPU.ActiveCfg = Release|Any CPU
		{39292964-A830-410A-9D41-2D952B30746D}.Release|Any CPU.Build.0 = Release|Any CPU
		{40289E1E-7D53-45A8-947B-C99BA9E41D9B}.Debug|Any CPU.ActiveCfg = Debug|Any CPU
		{40289E1E-7D53-45A8-947B-C99BA9E41D9B}.Debug|Any CPU.Build.0 = Debug|Any CPU
		{40289E1E-7D53-45A8-947B-C99BA9E41D9B}.Release|Any CPU.ActiveCfg = Release|Any CPU
		{40289E1E-7D53-45A8-947B-C99BA9E41D9B}.Release|Any CPU.Build.0 = Release|Any CPU
		{E860AEFE-F277-400D-AF1F-CA0E5F4A7D6D}.Debug|Any CPU.ActiveCfg = Debug|Any CPU
		{E860AEFE-F277-400D-AF1F-CA0E5F4A7D6D}.Debug|Any CPU.Build.0 = Debug|Any CPU
		{E860AEFE-F277-400D-AF1F-CA0E5F4A7D6D}.Release|Any CPU.ActiveCfg = Release|Any CPU
		{E860AEFE-F277-400D-AF1F-CA0E5F4A7D6D}.Release|Any CPU.Build.0 = Release|Any CPU
		{7AE4D1CB-E1F0-49BF-828B-498577668492}.Debug|Any CPU.ActiveCfg = Debug|Any CPU
		{7AE4D1CB-E1F0-49BF-828B-498577668492}.Debug|Any CPU.Build.0 = Debug|Any CPU
		{7AE4D1CB-E1F0-49BF-828B-498577668492}.Release|Any CPU.ActiveCfg = Release|Any CPU
		{7AE4D1CB-E1F0-49BF-828B-498577668492}.Release|Any CPU.Build.0 = Release|Any CPU
		{1ADD3536-76F3-47AF-8E68-83272BA46CFD}.Debug|Any CPU.ActiveCfg = Debug|Any CPU
		{1ADD3536-76F3-47AF-8E68-83272BA46CFD}.Debug|Any CPU.Build.0 = Debug|Any CPU
		{1ADD3536-76F3-47AF-8E68-83272BA46CFD}.Release|Any CPU.ActiveCfg = Release|Any CPU
		{1ADD3536-76F3-47AF-8E68-83272BA46CFD}.Release|Any CPU.Build.0 = Release|Any CPU
		{BEE0AC6D-4581-4847-B5A2-80BB1E6E5F80}.Debug|Any CPU.ActiveCfg = Debug|Any CPU
		{BEE0AC6D-4581-4847-B5A2-80BB1E6E5F80}.Debug|Any CPU.Build.0 = Debug|Any CPU
		{BEE0AC6D-4581-4847-B5A2-80BB1E6E5F80}.Release|Any CPU.ActiveCfg = Release|Any CPU
		{BEE0AC6D-4581-4847-B5A2-80BB1E6E5F80}.Release|Any CPU.Build.0 = Release|Any CPU
	EndGlobalSection
	GlobalSection(SolutionProperties) = preSolution
		HideSolutionNode = FALSE
	EndGlobalSection
	GlobalSection(NestedProjects) = preSolution
		{DDA7B121-235A-4103-8C1A-A58C0DBCA251} = {704A940E-ACE0-468B-8388-4AFD87C883BF}
		{39292964-A830-410A-9D41-2D952B30746D} = {704A940E-ACE0-468B-8388-4AFD87C883BF}
		{40289E1E-7D53-45A8-947B-C99BA9E41D9B} = {704A940E-ACE0-468B-8388-4AFD87C883BF}
		{E860AEFE-F277-400D-AF1F-CA0E5F4A7D6D} = {704A940E-ACE0-468B-8388-4AFD87C883BF}
		{BEE0AC6D-4581-4847-B5A2-80BB1E6E5F80} = {704A940E-ACE0-468B-8388-4AFD87C883BF}
	EndGlobalSection
	GlobalSection(ExtensibilityGlobals) = postSolution
		SolutionGuid = {124A1BA0-DBBC-49D2-AA6F-C937149C884C}
	EndGlobalSection
EndGlobal
